
Microsoft Visual Studio Solution File, Format Version 12.00
# Visual Studio 15
VisualStudioVersion = 15.0.28010.2026
MinimumVisualStudioVersion = 10.0.40219.1
Project("{FAE04EC0-301F-11D3-BF4B-00C04F79EFBC}") = "UnityCef.Companion", "UnityCef.Companion\UnityCef.Companion.csproj", "{08C7BCC0-176A-4FF1-9AAF-34123107F300}"
EndProject
Project("{9A19103F-16F7-4668-BE54-9A1E7A4F7556}") = "UnityCef.Shared", "UnityCef.Shared\UnityCef.Shared.csproj", "{2E92F833-7351-4110-A2B2-E5F1A775EE7E}"
EndProject
Project("{FAE04EC0-301F-11D3-BF4B-00C04F79EFBC}") = "UnityCef.Testing1", "UnityCef.Testing1\UnityCef.Testing1.csproj", "{B0F2DC30-11DC-4D77-8EE3-970D907A7FF1}"
EndProject
Project("{FAE04EC0-301F-11D3-BF4B-00C04F79EFBC}") = "UnityCef.Testing2", "UnityCef.Testing2\UnityCef.Testing2.csproj", "{1D648E4D-4C60-44FF-B3AC-F376C764CC30}"
EndProject
Global
	GlobalSection(SolutionConfigurationPlatforms) = preSolution
		Debug|Any CPU = Debug|Any CPU
		Debug|x64 = Debug|x64
		Debug|x86 = Debug|x86
		Release|Any CPU = Release|Any CPU
		Release|x64 = Release|x64
		Release|x86 = Release|x86
	EndGlobalSection
	GlobalSection(ProjectConfigurationPlatforms) = postSolution
		{08C7BCC0-176A-4FF1-9AAF-34123107F300}.Debug|Any CPU.ActiveCfg = Debug|Any CPU
		{08C7BCC0-176A-4FF1-9AAF-34123107F300}.Debug|Any CPU.Build.0 = Debug|Any CPU
		{08C7BCC0-176A-4FF1-9AAF-34123107F300}.Debug|x64.ActiveCfg = Debug|x64
		{08C7BCC0-176A-4FF1-9AAF-34123107F300}.Debug|x64.Build.0 = Debug|x64
		{08C7BCC0-176A-4FF1-9AAF-34123107F300}.Debug|x86.ActiveCfg = Debug|x86
		{08C7BCC0-176A-4FF1-9AAF-34123107F300}.Debug|x86.Build.0 = Debug|x86
		{08C7BCC0-176A-4FF1-9AAF-34123107F300}.Release|Any CPU.ActiveCfg = Release|Any CPU
		{08C7BCC0-176A-4FF1-9AAF-34123107F300}.Release|Any CPU.Build.0 = Release|Any CPU
		{08C7BCC0-176A-4FF1-9AAF-34123107F300}.Release|x64.ActiveCfg = Release|x64
		{08C7BCC0-176A-4FF1-9AAF-34123107F300}.Release|x64.Build.0 = Release|x64
		{08C7BCC0-176A-4FF1-9AAF-34123107F300}.Release|x86.ActiveCfg = Release|x86
		{08C7BCC0-176A-4FF1-9AAF-34123107F300}.Release|x86.Build.0 = Release|x86
		{2E92F833-7351-4110-A2B2-E5F1A775EE7E}.Debug|Any CPU.ActiveCfg = Debug|Any CPU
		{2E92F833-7351-4110-A2B2-E5F1A775EE7E}.Debug|Any CPU.Build.0 = Debug|Any CPU
		{2E92F833-7351-4110-A2B2-E5F1A775EE7E}.Debug|x64.ActiveCfg = Debug|Any CPU
		{2E92F833-7351-4110-A2B2-E5F1A775EE7E}.Debug|x64.Build.0 = Debug|Any CPU
		{2E92F833-7351-4110-A2B2-E5F1A775EE7E}.Debug|x86.ActiveCfg = Debug|Any CPU
		{2E92F833-7351-4110-A2B2-E5F1A775EE7E}.Debug|x86.Build.0 = Debug|Any CPU
		{2E92F833-7351-4110-A2B2-E5F1A775EE7E}.Release|Any CPU.ActiveCfg = Release|Any CPU
		{2E92F833-7351-4110-A2B2-E5F1A775EE7E}.Release|Any CPU.Build.0 = Release|Any CPU
		{2E92F833-7351-4110-A2B2-E5F1A775EE7E}.Release|x64.ActiveCfg = Release|Any CPU
		{2E92F833-7351-4110-A2B2-E5F1A775EE7E}.Release|x64.Build.0 = Release|Any CPU
		{2E92F833-7351-4110-A2B2-E5F1A775EE7E}.Release|x86.ActiveCfg = Release|Any CPU
		{2E92F833-7351-4110-A2B2-E5F1A775EE7E}.Release|x86.Build.0 = Release|Any CPU
		{B0F2DC30-11DC-4D77-8EE3-970D907A7FF1}.Debug|Any CPU.ActiveCfg = Debug|Any CPU
		{B0F2DC30-11DC-4D77-8EE3-970D907A7FF1}.Debug|Any CPU.Build.0 = Debug|Any CPU
		{B0F2DC30-11DC-4D77-8EE3-970D907A7FF1}.Debug|x64.ActiveCfg = Debug|Any CPU
		{B0F2DC30-11DC-4D77-8EE3-970D907A7FF1}.Debug|x64.Build.0 = Debug|Any CPU
		{B0F2DC30-11DC-4D77-8EE3-970D907A7FF1}.Debug|x86.ActiveCfg = Debug|Any CPU
		{B0F2DC30-11DC-4D77-8EE3-970D907A7FF1}.Debug|x86.Build.0 = Debug|Any CPU
		{B0F2DC30-11DC-4D77-8EE3-970D907A7FF1}.Release|Any CPU.ActiveCfg = Release|Any CPU
		{B0F2DC30-11DC-4D77-8EE3-970D907A7FF1}.Release|Any CPU.Build.0 = Release|Any CPU
		{B0F2DC30-11DC-4D77-8EE3-970D907A7FF1}.Release|x64.ActiveCfg = Release|Any CPU
		{B0F2DC30-11DC-4D77-8EE3-970D907A7FF1}.Release|x64.Build.0 = Release|Any CPU
		{B0F2DC30-11DC-4D77-8EE3-970D907A7FF1}.Release|x86.ActiveCfg = Release|Any CPU
		{B0F2DC30-11DC-4D77-8EE3-970D907A7FF1}.Release|x86.Build.0 = Release|Any CPU
		{1D648E4D-4C60-44FF-B3AC-F376C764CC30}.Debug|Any CPU.ActiveCfg = Debug|Any CPU
		{1D648E4D-4C60-44FF-B3AC-F376C764CC30}.Debug|Any CPU.Build.0 = Debug|Any CPU
		{1D648E4D-4C60-44FF-B3AC-F376C764CC30}.Debug|x64.ActiveCfg = Debug|Any CPU
		{1D648E4D-4C60-44FF-B3AC-F376C764CC30}.Debug|x64.Build.0 = Debug|Any CPU
		{1D648E4D-4C60-44FF-B3AC-F376C764CC30}.Debug|x86.ActiveCfg = Debug|Any CPU
		{1D648E4D-4C60-44FF-B3AC-F376C764CC30}.Debug|x86.Build.0 = Debug|Any CPU
		{1D648E4D-4C60-44FF-B3AC-F376C764CC30}.Release|Any CPU.ActiveCfg = Release|Any CPU
		{1D648E4D-4C60-44FF-B3AC-F376C764CC30}.Release|Any CPU.Build.0 = Release|Any CPU
		{1D648E4D-4C60-44FF-B3AC-F376C764CC30}.Release|x64.ActiveCfg = Release|Any CPU
		{1D648E4D-4C60-44FF-B3AC-F376C764CC30}.Release|x64.Build.0 = Release|Any CPU
		{1D648E4D-4C60-44FF-B3AC-F376C764CC30}.Release|x86.ActiveCfg = Release|Any CPU
		{1D648E4D-4C60-44FF-B3AC-F376C764CC30}.Release|x86.Build.0 = Release|Any CPU
	EndGlobalSection
	GlobalSection(SolutionProperties) = preSolution
		HideSolutionNode = FALSE
	EndGlobalSection
	GlobalSection(ExtensibilityGlobals) = postSolution
		SolutionGuid = {F473989A-141B-4D94-9C86-CE33F43CBC69}
	EndGlobalSection
EndGlobal
